
Microsoft Visual Studio Solution File, Format Version 12.00
# Visual Studio Version 16
VisualStudioVersion = 16.0.29920.165
MinimumVisualStudioVersion = 10.0.40219.1
Project("{FAE04EC0-301F-11D3-BF4B-00C04F79EFBC}") = "pipeline", "pipeline\pipeline.csproj", "{DB2C2294-C105-491E-BFF7-78BB1EC066A2}"
EndProject
Global
	GlobalSection(SolutionConfigurationPlatforms) = preSolution
		Debug|Any CPU = Debug|Any CPU
		Release|Any CPU = Release|Any CPU
	EndGlobalSection
	GlobalSection(ProjectConfigurationPlatforms) = postSolution
		{DB2C2294-C105-491E-BFF7-78BB1EC066A2}.Debug|Any CPU.ActiveCfg = Debug|Any CPU
		{DB2C2294-C105-491E-BFF7-78BB1EC066A2}.Debug|Any CPU.Build.0 = Debug|Any CPU
		{DB2C2294-C105-491E-BFF7-78BB1EC066A2}.Release|Any CPU.ActiveCfg = Release|Any CPU
		{DB2C2294-C105-491E-BFF7-78BB1EC066A2}.Release|Any CPU.Build.0 = Release|Any CPU
	EndGlobalSection
	GlobalSection(SolutionProperties) = preSolution
		HideSolutionNode = FALSE
	EndGlobalSection
	GlobalSection(ExtensibilityGlobals) = postSolution
		SolutionGuid = {A11E3184-AA71-42E8-9FE3-94582BAF6B9F}
	EndGlobalSection
EndGlobal
